{
    "_meta": {
        "hash": {
            "sha256": "08ab31f245a7f137b5ff3755ccd29b7e99c94857d65a0d31fc594e0660eeb34c"
        },
        "pipfile-spec": 6,
        "requires": {
            "python_version": "3.10"
        },
        "sources": [
            {
                "name": "pypi",
                "url": "https://pypi.org/simple",
                "verify_ssl": true
            }
        ]
    },
    "default": {
        "cython": {
            "hashes": [
                "sha256:004387d8b94c64681ee05660d6a234e125396097726cf2f419c0fa2ac38034d6",
                "sha256:0378a14d2580dcea234d7a2dc8d75f60c091105885096e6dd5b032be97542c16",
                "sha256:03b749e4f0bbf631cee472add2806d338a7d496f8383f6fb28cc5fdc34b7fdb8",
                "sha256:05edfa51c0ff31a8df3cb291b90ca93ab499686d023b9b81c216cd3509f73def",
                "sha256:076aa8da83383e2bed0ca5f92c13a7e76e684bc41fe8e438bbed735f5b1c2731",
                "sha256:09448aadb818387160ca4d1e1b82dbb7001526b6d0bed7529c4e8ac12e3b6f4c",
                "sha256:1612d7439590ba3b8de5f907bf0e54bd8e024eafb8c59261531a7988030c182d",
                "sha256:16f2e74fcac223c53e298ecead62c353d3cffa107bea5d8232e4b2ba40781634",
                "sha256:26d8d0ededca42be50e0ac377c08408e18802b1391caa3aea045a72c1bff47ac",
                "sha256:31465dce7fd3f058d02afb98b13af962848cc607052388814428dc801cc26f57",
                "sha256:33b69ac9bbf2b93d8cae336cfe48889397a857e6ceeb5cef0b2f0b31b6c54f2b",
                "sha256:341917bdb2c95bcf8322aacfe50bbe6b4794880b16fa8b2300330520e123a5e5",
                "sha256:43eca77169f855dd04be11921a585c8854a174f30bc925257e92bc7b9197fbd2",
                "sha256:49076747b731ed78acf203666c3b3c5d664754ea01ca4527f62f6d8675703688",
                "sha256:4b3089255b6b1cc69e4b854626a41193e6acae5332263d24707976b3cb8ca644",
                "sha256:5658fa477e80d96c49d5ff011938dd4b62da9aa428f771b91f1a7c49af45aad8",
                "sha256:59f4e86b415620a097cf0ec602adf5a7ee3cc33e8220567ded96566f753483f8",
                "sha256:5e82f6b3dc2133b2e0e2c5c63d352d40a695e40cc7ed99f4cbe83334bcf9ab39",
                "sha256:6626f9691ce2093ccbcc9932f449efe3b6e1c893b556910881d177c61612e8ff",
                "sha256:75686c586e37b1fed0fe4a2c053474f96fc07da0063bbfc98023454540515d31",
                "sha256:7962a78ceb80cdec21345fb5088e675060fa65982030d446069f2d675d30e3cd",
                "sha256:9d39ee7ddef6856413f950b8959e852d83376d9db1c509505e3f4873df32aa70",
                "sha256:9f2b7c86a73db0d8dbbd885fe67f04c7b787df37a3848b9867270d3484101fbd",
                "sha256:a0ed39c63ba52edd03a39ea9d6da6f5326aaee5d333c317feba543270a1b3af5",
                "sha256:a3b27812ac9e9737026bfbb1dd47434f3e84013f430bafe1c6cbaf1cd51b5518",
                "sha256:b6c77cc24861a33714e74212abfab4e54bf42e1ad602623f193b8e369389af2f",
                "sha256:c9848a423a14e8f51bd4bbf8e2ff37031764ce66bdc7c6bc06c70d4084eb23c7",
                "sha256:d6036f6a5a0c7fb1af88889872268b15bf20dd9cefe33a6602d79ba18b8db20f",
                "sha256:d6fac2342802c30e51426828fe084ff4deb1b3387367cf98976bb2e64b6f8e45",
                "sha256:d7c98727397c2547a56aa0c3c98140f1873c69a0642edc9446c6c870d0d8a5b5",
                "sha256:d7d7beb600d5dd551e9322e1393b74286f4a3d4aa387f7bfbaccc1495a98603b",
                "sha256:ded4fd3da4dee2f4414c35214244e29befa7f6fede3e9be317e765169df2cbc7",
                "sha256:e24bd94946ffa37f30fcb865f2340fb6d429a3c7bf87b47b22f7d22e0e68a15c",
                "sha256:e9cc6af0c9c477c5e175e807dce439509934efefc24ea2da9fced7fbc8170591",
                "sha256:ed32c206e1d68056a34b21d2ec0cf0f23d338d6531476a68c73e21e20bd7bb63",
                "sha256:fdcef7abb09fd827691e3abe6fd42c6c34beaccfa0bc2df6074f0a49949df6a8"
            ],
            "markers": "python_version >= '2.6' and python_version not in '3.0, 3.1, 3.2'",
            "version": "==0.29.28"
        },
        "gensim": {
            "hashes": [
                "sha256:1ae06b2d70ed09ba1051b7f37ee142b695c183fd18f2dddb3362379d6dc33d73",
                "sha256:4e06f177e537af25e219f6e42f50f78687754fd20aa3a8335fe3103636f747df",
                "sha256:4ebc8ec9cccae2d063cef240825658f050c5ad6fd2c81eecc84765f7a87b58ba",
                "sha256:636cd376e647200bbc37694541c078a64ce2ddfa70a6cbaafd55de800731000b",
                "sha256:662e755a179a4042d1a3c3c39d80479f50fc09b7e1c5df2e40276ec75c8311d2",
                "sha256:84a06822c0ad1285f4e8630df5e618e8e2f67eb5edb571fa907433856911f42b",
                "sha256:8ff2c9e8e7470701b26b994d29fdf4d77bb3b290b6303dee61859a776bfeeeee",
                "sha256:995ebd2970a31d47c100aaac10212f47e2bf12e2b06536d38883c951ff34eef1",
                "sha256:bad35d595e5a37b2f082985b31dbd01024949a9b3d4f69f80e54d990e90721ad",
                "sha256:cccf80d032dac1d6be8de06a8c8ed763496acda8c37e5c9a9d19c712f16d8fd3",
                "sha256:db1bc49dccc3815fa58bddc9e1f953354a131ab510d72fd8af58e9c749bb695e",
                "sha256:de68cdee678e63500c832cc17ed768c0fc22550f63782201a50f319a4a6fc385",
                "sha256:ec8c5917ec36cfffbe8688af60f444f9e8fa01a3032fb75c50df212772db257f",
                "sha256:edb70625065c5d170205cbf108bb01a9fce9487182fdeb2724ce0674ab98a244",
                "sha256:f1b59d3559fab86df1e046882531ecc9a653689cf6effb1b089cd3adfc7ec57c",
                "sha256:f8199bc532ea041a35c360c65ce418a4730c813fd300a433fd9a3d89b4bb6f1d"
            ],
            "index": "pypi",
            "version": "==4.2.0"
        },
        "numpy": {
            "hashes": [
                "sha256:0791fbd1e43bf74b3502133207e378901272f3c156c4df4954cad833b1380207",
                "sha256:1ce7ab2053e36c0a71e7a13a7475bd3b1f54750b4b433adc96313e127b870887",
                "sha256:2d487e06ecbf1dc2f18e7efce82ded4f705f4bd0cd02677ffccfb39e5c284c7e",
                "sha256:37431a77ceb9307c28382c9773da9f306435135fae6b80b62a11c53cfedd8802",
                "sha256:3e1ffa4748168e1cc8d3cde93f006fe92b5421396221a02f2274aab6ac83b077",
                "sha256:425b390e4619f58d8526b3dcf656dde069133ae5c240229821f01b5f44ea07af",
                "sha256:43a8ca7391b626b4c4fe20aefe79fec683279e31e7c79716863b4b25021e0e74",
                "sha256:4c6036521f11a731ce0648f10c18ae66d7143865f19f7299943c985cdc95afb5",
                "sha256:59d55e634968b8f77d3fd674a3cf0b96e85147cd6556ec64ade018f27e9479e1",
                "sha256:64f56fc53a2d18b1924abd15745e30d82a5782b2cab3429aceecc6875bd5add0",
                "sha256:7228ad13744f63575b3a972d7ee4fd61815b2879998e70930d4ccf9ec721dce0",
                "sha256:9ce7df0abeabe7fbd8ccbf343dc0db72f68549856b863ae3dd580255d009648e",
                "sha256:a911e317e8c826ea632205e63ed8507e0dc877dcdc49744584dfc363df9ca08c",
                "sha256:b89bf9b94b3d624e7bb480344e91f68c1c6c75f026ed6755955117de00917a7c",
                "sha256:ba9ead61dfb5d971d77b6c131a9dbee62294a932bf6a356e48c75ae684e635b3",
                "sha256:c1d937820db6e43bec43e8d016b9b3165dcb42892ea9f106c70fb13d430ffe72",
                "sha256:cc7f00008eb7d3f2489fca6f334ec19ca63e31371be28fd5dad955b16ec285bd",
                "sha256:d4c5d5eb2ec8da0b4f50c9a843393971f31f1d60be87e0fb0917a49133d257d6",
                "sha256:e96d7f3096a36c8754207ab89d4b3282ba7b49ea140e4973591852c77d09eb76",
                "sha256:f0725df166cf4785c0bc4cbfb320203182b1ecd30fee6e541c8752a92df6aa32",
                "sha256:f3eb268dbd5cfaffd9448113539e44e2dd1c5ca9ce25576f7c04a5453edc26fa",
                "sha256:fb7a980c81dd932381f8228a426df8aeb70d59bbcda2af075b627bbc50207cba"
            ],
            "markers": "python_version >= '3.8'",
            "version": "==1.22.4"
        },
        "scipy": {
            "hashes": [
                "sha256:02b567e722d62bddd4ac253dafb01ce7ed8742cf8031aea030a41414b86c1125",
                "sha256:1166514aa3bbf04cb5941027c6e294a000bba0cf00f5cdac6c77f2dad479b434",
                "sha256:1da52b45ce1a24a4a22db6c157c38b39885a990a566748fc904ec9f03ed8c6ba",
                "sha256:23b22fbeef3807966ea42d8163322366dd89da9bebdc075da7034cee3a1441ca",
                "sha256:28d2cab0c6ac5aa131cc5071a3a1d8e1366dad82288d9ec2ca44df78fb50e649",
                "sha256:2ef0fbc8bcf102c1998c1f16f15befe7cffba90895d6e84861cd6c6a33fb54f6",
                "sha256:3b69b90c9419884efeffaac2c38376d6ef566e6e730a231e15722b0ab58f0328",
                "sha256:4b93ec6f4c3c4d041b26b5f179a6aab8f5045423117ae7a45ba9710301d7e462",
                "sha256:4e53a55f6a4f22de01ffe1d2f016e30adedb67a699a310cdcac312806807ca81",
                "sha256:6311e3ae9cc75f77c33076cb2794fb0606f14c8f1b1c9ff8ce6005ba2c283621",
                "sha256:65b77f20202599c51eb2771d11a6b899b97989159b7975e9b5259594f1d35ef4",
                "sha256:6cc6b33139eb63f30725d5f7fa175763dc2df6a8f38ddf8df971f7c345b652dc",
                "sha256:70de2f11bf64ca9921fda018864c78af7147025e467ce9f4a11bc877266900a6",
                "sha256:70ebc84134cf0c504ce6a5f12d6db92cb2a8a53a49437a6bb4edca0bc101f11c",
                "sha256:83606129247e7610b58d0e1e93d2c5133959e9cf93555d3c27e536892f1ba1f2",
                "sha256:93d07494a8900d55492401917a119948ed330b8c3f1d700e0b904a578f10ead4",
                "sha256:9c4e3ae8a716c8b3151e16c05edb1daf4cb4d866caa385e861556aff41300c14",
                "sha256:9dd4012ac599a1e7eb63c114d1eee1bcfc6dc75a29b589ff0ad0bb3d9412034f",
                "sha256:9e3fb1b0e896f14a85aa9a28d5f755daaeeb54c897b746df7a55ccb02b340f33",
                "sha256:a0aa8220b89b2e3748a2836fbfa116194378910f1a6e78e4675a095bcd2c762d",
                "sha256:d3b3c8924252caaffc54d4a99f1360aeec001e61267595561089f8b5900821bb",
                "sha256:e013aed00ed776d790be4cb32826adb72799c61e318676172495383ba4570aa4",
                "sha256:f3e7a8867f307e3359cc0ed2c63b61a1e33a19080f92fe377bc7d49f646f2ec1"
            ],
            "markers": "python_version < '3.11' and python_version >= '3.8'",
            "version": "==1.8.1"
        },
        "smart-open": {
            "hashes": [
                "sha256:94afbd5058a45d4fdc4f859ed158b46054cb5ca1c019d76f6f8a60495f662129",
                "sha256:d60106b96f0bcaedf5f1cd46ff5524a1c3d02d5653425618bb0fa66e158d22b0"
            ],
            "markers": "python_version >= '3.6' and python_version < '4.0'",
            "version": "==6.0.0"
        }
    },
    "develop": {}
}
